
Microsoft Visual Studio Solution File, Format Version 12.00
# Visual Studio 14
VisualStudioVersion = 14.0.23107.0
MinimumVisualStudioVersion = 10.0.40219.1
Project("{FAE04EC0-301F-11D3-BF4B-00C04F79EFBC}") = "SharpTsdbService", "SharpTsdbService\SharpTsdbService.csproj", "{426BC444-47A5-4287-87D2-D7CBD5DC716F}"
	ProjectSection(ProjectDependencies) = postProject
		{E65A3D01-0656-4522-AAF8-1CF2B11270F3} = {E65A3D01-0656-4522-AAF8-1CF2B11270F3}
		{ECC29A1D-4F22-4349-ACB4-3D714E242AD0} = {ECC29A1D-4F22-4349-ACB4-3D714E242AD0}
		{8858A25C-EF24-48DB-B049-BF28027482EB} = {8858A25C-EF24-48DB-B049-BF28027482EB}
		{77F38591-93DE-4F4C-9B13-02144B953F5B} = {77F38591-93DE-4F4C-9B13-02144B953F5B}
		{C8912CF7-2CA3-4DD8-85D9-6BD7136FD178} = {C8912CF7-2CA3-4DD8-85D9-6BD7136FD178}
	EndProjectSection
EndProject
Project("{FAE04EC0-301F-11D3-BF4B-00C04F79EFBC}") = "DbInterfaces", "DbInterfaces\DbInterfaces.csproj", "{E65A3D01-0656-4522-AAF8-1CF2B11270F3}"
EndProject
Project("{FAE04EC0-301F-11D3-BF4B-00C04F79EFBC}") = "SharpFileDb", "FileDb\SharpFileDb.csproj", "{8858A25C-EF24-48DB-B049-BF28027482EB}"
EndProject
Project("{FAE04EC0-301F-11D3-BF4B-00C04F79EFBC}") = "Tests", "Tests\Tests.csproj", "{799C8760-93E4-4B42-BC19-3A3B5B34B4F6}"
EndProject
Project("{FAE04EC0-301F-11D3-BF4B-00C04F79EFBC}") = "SharpTsdb", "SharpTsdb\SharpTsdb.csproj", "{ECC29A1D-4F22-4349-ACB4-3D714E242AD0}"
	ProjectSection(ProjectDependencies) = postProject
		{C8912CF7-2CA3-4DD8-85D9-6BD7136FD178} = {C8912CF7-2CA3-4DD8-85D9-6BD7136FD178}
	EndProjectSection
EndProject
Project("{2150E333-8FDC-42A3-9474-1A3956D46DE8}") = "DBs", "DBs", "{5AC46751-0CB1-40F9-BD9C-C519634196FD}"
EndProject
Project("{FAE04EC0-301F-11D3-BF4B-00C04F79EFBC}") = "Infrastructure", "Infrastructure\Infrastructure.csproj", "{77F38591-93DE-4F4C-9B13-02144B953F5B}"
EndProject
Project("{FAE04EC0-301F-11D3-BF4B-00C04F79EFBC}") = "GrafanaAdapter", "GrafanaAdapter\GrafanaAdapter.csproj", "{C8912CF7-2CA3-4DD8-85D9-6BD7136FD178}"
EndProject
Global
	GlobalSection(SolutionConfigurationPlatforms) = preSolution
		Debug|Any CPU = Debug|Any CPU
		Release|Any CPU = Release|Any CPU
	EndGlobalSection
	GlobalSection(ProjectConfigurationPlatforms) = postSolution
		{426BC444-47A5-4287-87D2-D7CBD5DC716F}.Debug|Any CPU.ActiveCfg = Debug|Any CPU
		{426BC444-47A5-4287-87D2-D7CBD5DC716F}.Debug|Any CPU.Build.0 = Debug|Any CPU
		{426BC444-47A5-4287-87D2-D7CBD5DC716F}.Release|Any CPU.ActiveCfg = Release|Any CPU
		{426BC444-47A5-4287-87D2-D7CBD5DC716F}.Release|Any CPU.Build.0 = Release|Any CPU
		{E65A3D01-0656-4522-AAF8-1CF2B11270F3}.Debug|Any CPU.ActiveCfg = Debug|Any CPU
		{E65A3D01-0656-4522-AAF8-1CF2B11270F3}.Debug|Any CPU.Build.0 = Debug|Any CPU
		{E65A3D01-0656-4522-AAF8-1CF2B11270F3}.Release|Any CPU.ActiveCfg = Release|Any CPU
		{E65A3D01-0656-4522-AAF8-1CF2B11270F3}.Release|Any CPU.Build.0 = Release|Any CPU
		{8858A25C-EF24-48DB-B049-BF28027482EB}.Debug|Any CPU.ActiveCfg = Debug|Any CPU
		{8858A25C-EF24-48DB-B049-BF28027482EB}.Debug|Any CPU.Build.0 = Debug|Any CPU
		{8858A25C-EF24-48DB-B049-BF28027482EB}.Release|Any CPU.ActiveCfg = Release|Any CPU
		{8858A25C-EF24-48DB-B049-BF28027482EB}.Release|Any CPU.Build.0 = Release|Any CPU
		{799C8760-93E4-4B42-BC19-3A3B5B34B4F6}.Debug|Any CPU.ActiveCfg = Debug|Any CPU
		{799C8760-93E4-4B42-BC19-3A3B5B34B4F6}.Debug|Any CPU.Build.0 = Debug|Any CPU
		{799C8760-93E4-4B42-BC19-3A3B5B34B4F6}.Release|Any CPU.ActiveCfg = Release|Any CPU
		{799C8760-93E4-4B42-BC19-3A3B5B34B4F6}.Release|Any CPU.Build.0 = Release|Any CPU
		{ECC29A1D-4F22-4349-ACB4-3D714E242AD0}.Debug|Any CPU.ActiveCfg = Debug|Any CPU
		{ECC29A1D-4F22-4349-ACB4-3D714E242AD0}.Debug|Any CPU.Build.0 = Debug|Any CPU
		{ECC29A1D-4F22-4349-ACB4-3D714E242AD0}.Release|Any CPU.ActiveCfg = Release|Any CPU
		{ECC29A1D-4F22-4349-ACB4-3D714E242AD0}.Release|Any CPU.Build.0 = Release|Any CPU
		{77F38591-93DE-4F4C-9B13-02144B953F5B}.Debug|Any CPU.ActiveCfg = Debug|Any CPU
		{77F38591-93DE-4F4C-9B13-02144B953F5B}.Debug|Any CPU.Build.0 = Debug|Any CPU
		{77F38591-93DE-4F4C-9B13-02144B953F5B}.Release|Any CPU.ActiveCfg = Release|Any CPU
		{77F38591-93DE-4F4C-9B13-02144B953F5B}.Release|Any CPU.Build.0 = Release|Any CPU
		{C8912CF7-2CA3-4DD8-85D9-6BD7136FD178}.Debug|Any CPU.ActiveCfg = Debug|Any CPU
		{C8912CF7-2CA3-4DD8-85D9-6BD7136FD178}.Debug|Any CPU.Build.0 = Debug|Any CPU
		{C8912CF7-2CA3-4DD8-85D9-6BD7136FD178}.Release|Any CPU.ActiveCfg = Release|Any CPU
		{C8912CF7-2CA3-4DD8-85D9-6BD7136FD178}.Release|Any CPU.Build.0 = Release|Any CPU
	EndGlobalSection
	GlobalSection(SolutionProperties) = preSolution
		HideSolutionNode = FALSE
	EndGlobalSection
	GlobalSection(NestedProjects) = preSolution
		{E65A3D01-0656-4522-AAF8-1CF2B11270F3} = {5AC46751-0CB1-40F9-BD9C-C519634196FD}
		{8858A25C-EF24-48DB-B049-BF28027482EB} = {5AC46751-0CB1-40F9-BD9C-C519634196FD}
	EndGlobalSection
EndGlobal
