
Microsoft Visual Studio Solution File, Format Version 12.00
# Visual Studio 14
VisualStudioVersion = 14.0.23107.0
MinimumVisualStudioVersion = 10.0.40219.1
Project("{FAE04EC0-301F-11D3-BF4B-00C04F79EFBC}") = "SharpTsdbService", "SharpTsdbService\SharpTsdbService.csproj", "{426BC444-47A5-4287-87D2-D7CBD5DC716F}"
	ProjectSection(ProjectDependencies) = postProject
		{E65A3D01-0656-4522-AAF8-1CF2B11270F3} = {E65A3D01-0656-4522-AAF8-1CF2B11270F3}
		{ECC29A1D-4F22-4349-ACB4-3D714E242AD0} = {ECC29A1D-4F22-4349-ACB4-3D714E242AD0}
		{8858A25C-EF24-48DB-B049-BF28027482EB} = {8858A25C-EF24-48DB-B049-BF28027482EB}
		{77F38591-93DE-4F4C-9B13-02144B953F5B} = {77F38591-93DE-4F4C-9B13-02144B953F5B}
		{C8912CF7-2CA3-4DD8-85D9-6BD7136FD178} = {C8912CF7-2CA3-4DD8-85D9-6BD7136FD178}
	EndProjectSection
EndProject
Project("{FAE04EC0-301F-11D3-BF4B-00C04F79EFBC}") = "DbInterfaces", "DbInterfaces\DbInterfaces.csproj", "{E65A3D01-0656-4522-AAF8-1CF2B11270F3}"
EndProject
Project("{FAE04EC0-301F-11D3-BF4B-00C04F79EFBC}") = "SharpFileDb", "FileDb\SharpFileDb.csproj", "{8858A25C-EF24-48DB-B049-BF28027482EB}"
EndProject
Project("{FAE04EC0-301F-11D3-BF4B-00C04F79EFBC}") = "Tests", "Tests\Tests.csproj", "{799C8760-93E4-4B42-BC19-3A3B5B34B4F6}"
EndProject
Project("{FAE04EC0-301F-11D3-BF4B-00C04F79EFBC}") = "SharpTsdb", "SharpTsdb\SharpTsdb.csproj", "{ECC29A1D-4F22-4349-ACB4-3D714E242AD0}"
	ProjectSection(ProjectDependencies) = postProject
		{C8912CF7-2CA3-4DD8-85D9-6BD7136FD178} = {C8912CF7-2CA3-4DD8-85D9-6BD7136FD178}
	EndProjectSection
EndProject
Project("{2150E333-8FDC-42A3-9474-1A3956D46DE8}") = "DBs", "DBs", "{5AC46751-0CB1-40F9-BD9C-C519634196FD}"
EndProject
Project("{FAE04EC0-301F-11D3-BF4B-00C04F79EFBC}") = "Infrastructure", "Infrastructure\Infrastructure.csproj", "{77F38591-93DE-4F4C-9B13-02144B953F5B}"
EndProject
Project("{FAE04EC0-301F-11D3-BF4B-00C04F79EFBC}") = "GrafanaAdapter", "GrafanaAdapter\GrafanaAdapter.csproj", "{C8912CF7-2CA3-4DD8-85D9-6BD7136FD178}"
EndProject
Project("{FAE04EC0-301F-11D3-BF4B-00C04F79EFBC}") = "Timeenator", "Timeenator\Timeenator.csproj", "{21720DF1-0488-49B8-BA41-9ACCD8F7469D}"
EndProject
Project("{FAE04EC0-301F-11D3-BF4B-00C04F79EFBC}") = "SharpTsdbConsole", "SharpTsdbConsole\SharpTsdbConsole.csproj", "{93C9334B-B3F2-4D25-B2EB-EBCCE0395365}"
EndProject
Project("{FAE04EC0-301F-11D3-BF4B-00C04F79EFBC}") = "SharpTsdbClient", "SharpTsdbClient\SharpTsdbClient.csproj", "{775BAC09-6176-4361-A4C7-9EEB86B8C548}"
EndProject
Project("{FAE04EC0-301F-11D3-BF4B-00C04F79EFBC}") = "SharpTsdbTypes", "SharpTsdbTypes\SharpTsdbTypes.csproj", "{063D0CA7-F8E3-4C8C-A646-651472F68986}"
EndProject
Project("{FAE04EC0-301F-11D3-BF4B-00C04F79EFBC}") = "CustomDbExtensions", "CustomDbExtensions\CustomDbExtensions.csproj", "{3DC705DB-D0DF-49E4-842D-49C28745EE80}"
EndProject
Project("{FAE04EC0-301F-11D3-BF4B-00C04F79EFBC}") = "Mqtt2SharpTsdb", "Mqtt2SharpTsdb\Mqtt2SharpTsdb.csproj", "{193D6415-26F5-459C-8181-232943FC7860}"
EndProject
Project("{FAE04EC0-301F-11D3-BF4B-00C04F79EFBC}") = "Mqtt2SharpTsdbService", "Mqtt2SharpTsdbService\Mqtt2SharpTsdbService.csproj", "{B9C43B95-97AD-4E54-9745-1DC8FB15485F}"
EndProject
Global
	GlobalSection(SolutionConfigurationPlatforms) = preSolution
		Debug|Any CPU = Debug|Any CPU
		Debug|x64 = Debug|x64
		Release|Any CPU = Release|Any CPU
		Release|x64 = Release|x64
	EndGlobalSection
	GlobalSection(ProjectConfigurationPlatforms) = postSolution
		{426BC444-47A5-4287-87D2-D7CBD5DC716F}.Debug|Any CPU.ActiveCfg = Debug|Any CPU
		{426BC444-47A5-4287-87D2-D7CBD5DC716F}.Debug|Any CPU.Build.0 = Debug|Any CPU
		{426BC444-47A5-4287-87D2-D7CBD5DC716F}.Debug|x64.ActiveCfg = Debug|x64
		{426BC444-47A5-4287-87D2-D7CBD5DC716F}.Debug|x64.Build.0 = Debug|x64
		{426BC444-47A5-4287-87D2-D7CBD5DC716F}.Release|Any CPU.ActiveCfg = Release|Any CPU
		{426BC444-47A5-4287-87D2-D7CBD5DC716F}.Release|Any CPU.Build.0 = Release|Any CPU
		{426BC444-47A5-4287-87D2-D7CBD5DC716F}.Release|x64.ActiveCfg = Release|x64
		{426BC444-47A5-4287-87D2-D7CBD5DC716F}.Release|x64.Build.0 = Release|x64
		{E65A3D01-0656-4522-AAF8-1CF2B11270F3}.Debug|Any CPU.ActiveCfg = Debug|Any CPU
		{E65A3D01-0656-4522-AAF8-1CF2B11270F3}.Debug|Any CPU.Build.0 = Debug|Any CPU
		{E65A3D01-0656-4522-AAF8-1CF2B11270F3}.Debug|x64.ActiveCfg = Debug|x64
		{E65A3D01-0656-4522-AAF8-1CF2B11270F3}.Debug|x64.Build.0 = Debug|x64
		{E65A3D01-0656-4522-AAF8-1CF2B11270F3}.Release|Any CPU.ActiveCfg = Release|Any CPU
		{E65A3D01-0656-4522-AAF8-1CF2B11270F3}.Release|Any CPU.Build.0 = Release|Any CPU
		{E65A3D01-0656-4522-AAF8-1CF2B11270F3}.Release|x64.ActiveCfg = Release|x64
		{E65A3D01-0656-4522-AAF8-1CF2B11270F3}.Release|x64.Build.0 = Release|x64
		{8858A25C-EF24-48DB-B049-BF28027482EB}.Debug|Any CPU.ActiveCfg = Debug|Any CPU
		{8858A25C-EF24-48DB-B049-BF28027482EB}.Debug|Any CPU.Build.0 = Debug|Any CPU
		{8858A25C-EF24-48DB-B049-BF28027482EB}.Debug|x64.ActiveCfg = Debug|x64
		{8858A25C-EF24-48DB-B049-BF28027482EB}.Debug|x64.Build.0 = Debug|x64
		{8858A25C-EF24-48DB-B049-BF28027482EB}.Release|Any CPU.ActiveCfg = Release|Any CPU
		{8858A25C-EF24-48DB-B049-BF28027482EB}.Release|Any CPU.Build.0 = Release|Any CPU
		{8858A25C-EF24-48DB-B049-BF28027482EB}.Release|x64.ActiveCfg = Release|x64
		{8858A25C-EF24-48DB-B049-BF28027482EB}.Release|x64.Build.0 = Release|x64
		{799C8760-93E4-4B42-BC19-3A3B5B34B4F6}.Debug|Any CPU.ActiveCfg = Debug|Any CPU
		{799C8760-93E4-4B42-BC19-3A3B5B34B4F6}.Debug|Any CPU.Build.0 = Debug|Any CPU
		{799C8760-93E4-4B42-BC19-3A3B5B34B4F6}.Debug|x64.ActiveCfg = Debug|x64
		{799C8760-93E4-4B42-BC19-3A3B5B34B4F6}.Debug|x64.Build.0 = Debug|x64
		{799C8760-93E4-4B42-BC19-3A3B5B34B4F6}.Release|Any CPU.ActiveCfg = Release|Any CPU
		{799C8760-93E4-4B42-BC19-3A3B5B34B4F6}.Release|Any CPU.Build.0 = Release|Any CPU
		{799C8760-93E4-4B42-BC19-3A3B5B34B4F6}.Release|x64.ActiveCfg = Release|x64
		{799C8760-93E4-4B42-BC19-3A3B5B34B4F6}.Release|x64.Build.0 = Release|x64
		{ECC29A1D-4F22-4349-ACB4-3D714E242AD0}.Debug|Any CPU.ActiveCfg = Debug|Any CPU
		{ECC29A1D-4F22-4349-ACB4-3D714E242AD0}.Debug|Any CPU.Build.0 = Debug|Any CPU
		{ECC29A1D-4F22-4349-ACB4-3D714E242AD0}.Debug|x64.ActiveCfg = Debug|x64
		{ECC29A1D-4F22-4349-ACB4-3D714E242AD0}.Debug|x64.Build.0 = Debug|x64
		{ECC29A1D-4F22-4349-ACB4-3D714E242AD0}.Release|Any CPU.ActiveCfg = Release|Any CPU
		{ECC29A1D-4F22-4349-ACB4-3D714E242AD0}.Release|Any CPU.Build.0 = Release|Any CPU
		{ECC29A1D-4F22-4349-ACB4-3D714E242AD0}.Release|x64.ActiveCfg = Release|x64
		{ECC29A1D-4F22-4349-ACB4-3D714E242AD0}.Release|x64.Build.0 = Release|x64
		{77F38591-93DE-4F4C-9B13-02144B953F5B}.Debug|Any CPU.ActiveCfg = Debug|Any CPU
		{77F38591-93DE-4F4C-9B13-02144B953F5B}.Debug|Any CPU.Build.0 = Debug|Any CPU
		{77F38591-93DE-4F4C-9B13-02144B953F5B}.Debug|x64.ActiveCfg = Debug|x64
		{77F38591-93DE-4F4C-9B13-02144B953F5B}.Debug|x64.Build.0 = Debug|x64
		{77F38591-93DE-4F4C-9B13-02144B953F5B}.Release|Any CPU.ActiveCfg = Release|Any CPU
		{77F38591-93DE-4F4C-9B13-02144B953F5B}.Release|Any CPU.Build.0 = Release|Any CPU
		{77F38591-93DE-4F4C-9B13-02144B953F5B}.Release|x64.ActiveCfg = Release|x64
		{77F38591-93DE-4F4C-9B13-02144B953F5B}.Release|x64.Build.0 = Release|x64
		{C8912CF7-2CA3-4DD8-85D9-6BD7136FD178}.Debug|Any CPU.ActiveCfg = Debug|Any CPU
		{C8912CF7-2CA3-4DD8-85D9-6BD7136FD178}.Debug|Any CPU.Build.0 = Debug|Any CPU
		{C8912CF7-2CA3-4DD8-85D9-6BD7136FD178}.Debug|x64.ActiveCfg = Debug|x64
		{C8912CF7-2CA3-4DD8-85D9-6BD7136FD178}.Debug|x64.Build.0 = Debug|x64
		{C8912CF7-2CA3-4DD8-85D9-6BD7136FD178}.Release|Any CPU.ActiveCfg = Release|Any CPU
		{C8912CF7-2CA3-4DD8-85D9-6BD7136FD178}.Release|Any CPU.Build.0 = Release|Any CPU
		{C8912CF7-2CA3-4DD8-85D9-6BD7136FD178}.Release|x64.ActiveCfg = Release|x64
		{C8912CF7-2CA3-4DD8-85D9-6BD7136FD178}.Release|x64.Build.0 = Release|x64
		{21720DF1-0488-49B8-BA41-9ACCD8F7469D}.Debug|Any CPU.ActiveCfg = Debug|Any CPU
		{21720DF1-0488-49B8-BA41-9ACCD8F7469D}.Debug|Any CPU.Build.0 = Debug|Any CPU
		{21720DF1-0488-49B8-BA41-9ACCD8F7469D}.Debug|x64.ActiveCfg = Debug|x64
		{21720DF1-0488-49B8-BA41-9ACCD8F7469D}.Debug|x64.Build.0 = Debug|x64
		{21720DF1-0488-49B8-BA41-9ACCD8F7469D}.Release|Any CPU.ActiveCfg = Release|Any CPU
		{21720DF1-0488-49B8-BA41-9ACCD8F7469D}.Release|Any CPU.Build.0 = Release|Any CPU
		{21720DF1-0488-49B8-BA41-9ACCD8F7469D}.Release|x64.ActiveCfg = Release|x64
		{21720DF1-0488-49B8-BA41-9ACCD8F7469D}.Release|x64.Build.0 = Release|x64
		{93C9334B-B3F2-4D25-B2EB-EBCCE0395365}.Debug|Any CPU.ActiveCfg = Debug|Any CPU
		{93C9334B-B3F2-4D25-B2EB-EBCCE0395365}.Debug|Any CPU.Build.0 = Debug|Any CPU
		{93C9334B-B3F2-4D25-B2EB-EBCCE0395365}.Debug|x64.ActiveCfg = Debug|x64
		{93C9334B-B3F2-4D25-B2EB-EBCCE0395365}.Debug|x64.Build.0 = Debug|x64
		{93C9334B-B3F2-4D25-B2EB-EBCCE0395365}.Release|Any CPU.ActiveCfg = Release|Any CPU
		{93C9334B-B3F2-4D25-B2EB-EBCCE0395365}.Release|Any CPU.Build.0 = Release|Any CPU
		{93C9334B-B3F2-4D25-B2EB-EBCCE0395365}.Release|x64.ActiveCfg = Release|Any CPU
		{93C9334B-B3F2-4D25-B2EB-EBCCE0395365}.Release|x64.Build.0 = Release|Any CPU
		{775BAC09-6176-4361-A4C7-9EEB86B8C548}.Debug|Any CPU.ActiveCfg = Debug|Any CPU
		{775BAC09-6176-4361-A4C7-9EEB86B8C548}.Debug|Any CPU.Build.0 = Debug|Any CPU
		{775BAC09-6176-4361-A4C7-9EEB86B8C548}.Debug|x64.ActiveCfg = Debug|x64
		{775BAC09-6176-4361-A4C7-9EEB86B8C548}.Debug|x64.Build.0 = Debug|x64
		{775BAC09-6176-4361-A4C7-9EEB86B8C548}.Release|Any CPU.ActiveCfg = Release|Any CPU
		{775BAC09-6176-4361-A4C7-9EEB86B8C548}.Release|Any CPU.Build.0 = Release|Any CPU
		{775BAC09-6176-4361-A4C7-9EEB86B8C548}.Release|x64.ActiveCfg = Release|Any CPU
		{775BAC09-6176-4361-A4C7-9EEB86B8C548}.Release|x64.Build.0 = Release|Any CPU
		{063D0CA7-F8E3-4C8C-A646-651472F68986}.Debug|Any CPU.ActiveCfg = Debug|Any CPU
		{063D0CA7-F8E3-4C8C-A646-651472F68986}.Debug|Any CPU.Build.0 = Debug|Any CPU
		{063D0CA7-F8E3-4C8C-A646-651472F68986}.Debug|x64.ActiveCfg = Debug|x64
		{063D0CA7-F8E3-4C8C-A646-651472F68986}.Debug|x64.Build.0 = Debug|x64
		{063D0CA7-F8E3-4C8C-A646-651472F68986}.Release|Any CPU.ActiveCfg = Release|Any CPU
		{063D0CA7-F8E3-4C8C-A646-651472F68986}.Release|Any CPU.Build.0 = Release|Any CPU
		{063D0CA7-F8E3-4C8C-A646-651472F68986}.Release|x64.ActiveCfg = Release|Any CPU
		{063D0CA7-F8E3-4C8C-A646-651472F68986}.Release|x64.Build.0 = Release|Any CPU
		{3DC705DB-D0DF-49E4-842D-49C28745EE80}.Debug|Any CPU.ActiveCfg = Debug|Any CPU
		{3DC705DB-D0DF-49E4-842D-49C28745EE80}.Debug|Any CPU.Build.0 = Debug|Any CPU
		{3DC705DB-D0DF-49E4-842D-49C28745EE80}.Debug|x64.ActiveCfg = Debug|x64
		{3DC705DB-D0DF-49E4-842D-49C28745EE80}.Debug|x64.Build.0 = Debug|x64
		{3DC705DB-D0DF-49E4-842D-49C28745EE80}.Release|Any CPU.ActiveCfg = Release|Any CPU
		{3DC705DB-D0DF-49E4-842D-49C28745EE80}.Release|Any CPU.Build.0 = Release|Any CPU
		{3DC705DB-D0DF-49E4-842D-49C28745EE80}.Release|x64.ActiveCfg = Release|Any CPU
		{3DC705DB-D0DF-49E4-842D-49C28745EE80}.Release|x64.Build.0 = Release|Any CPU
		{193D6415-26F5-459C-8181-232943FC7860}.Debug|Any CPU.ActiveCfg = Debug|Any CPU
		{193D6415-26F5-459C-8181-232943FC7860}.Debug|Any CPU.Build.0 = Debug|Any CPU
		{193D6415-26F5-459C-8181-232943FC7860}.Debug|x64.ActiveCfg = Debug|Any CPU
		{193D6415-26F5-459C-8181-232943FC7860}.Debug|x64.Build.0 = Debug|Any CPU
		{193D6415-26F5-459C-8181-232943FC7860}.Release|Any CPU.ActiveCfg = Release|Any CPU
		{193D6415-26F5-459C-8181-232943FC7860}.Release|Any CPU.Build.0 = Release|Any CPU
		{193D6415-26F5-459C-8181-232943FC7860}.Release|x64.ActiveCfg = Release|Any CPU
		{193D6415-26F5-459C-8181-232943FC7860}.Release|x64.Build.0 = Release|Any CPU
		{B9C43B95-97AD-4E54-9745-1DC8FB15485F}.Debug|Any CPU.ActiveCfg = Debug|Any CPU
		{B9C43B95-97AD-4E54-9745-1DC8FB15485F}.Debug|Any CPU.Build.0 = Debug|Any CPU
		{B9C43B95-97AD-4E54-9745-1DC8FB15485F}.Debug|x64.ActiveCfg = Debug|x64
		{B9C43B95-97AD-4E54-9745-1DC8FB15485F}.Debug|x64.Build.0 = Debug|x64
		{B9C43B95-97AD-4E54-9745-1DC8FB15485F}.Release|Any CPU.ActiveCfg = Release|Any CPU
		{B9C43B95-97AD-4E54-9745-1DC8FB15485F}.Release|Any CPU.Build.0 = Release|Any CPU
		{B9C43B95-97AD-4E54-9745-1DC8FB15485F}.Release|x64.ActiveCfg = Release|x64
		{B9C43B95-97AD-4E54-9745-1DC8FB15485F}.Release|x64.Build.0 = Release|x64
	EndGlobalSection
	GlobalSection(SolutionProperties) = preSolution
		HideSolutionNode = FALSE
	EndGlobalSection
	GlobalSection(NestedProjects) = preSolution
		{E65A3D01-0656-4522-AAF8-1CF2B11270F3} = {5AC46751-0CB1-40F9-BD9C-C519634196FD}
		{8858A25C-EF24-48DB-B049-BF28027482EB} = {5AC46751-0CB1-40F9-BD9C-C519634196FD}
		{3DC705DB-D0DF-49E4-842D-49C28745EE80} = {5AC46751-0CB1-40F9-BD9C-C519634196FD}
	EndGlobalSection
EndGlobal
